
Microsoft Visual Studio Solution File, Format Version 12.00
# Visual Studio Version 16
VisualStudioVersion = 16.0.33130.400
MinimumVisualStudioVersion = 10.0.40219.1
Project("{FAE04EC0-301F-11D3-BF4B-00C04F79EFBC}") = "Forms", "Forms\Forms.csproj", "{1B39D6B5-402D-4D44-9344-3444A06492BA}"
EndProject
Global
	GlobalSection(SolutionConfigurationPlatforms) = preSolution
		Debug|Any CPU = Debug|Any CPU
		Release|Any CPU = Release|Any CPU
	EndGlobalSection
	GlobalSection(ProjectConfigurationPlatforms) = postSolution
		{1B39D6B5-402D-4D44-9344-3444A06492BA}.Debug|Any CPU.ActiveCfg = Debug|Any CPU
		{1B39D6B5-402D-4D44-9344-3444A06492BA}.Debug|Any CPU.Build.0 = Debug|Any CPU
		{1B39D6B5-402D-4D44-9344-3444A06492BA}.Release|Any CPU.ActiveCfg = Release|Any CPU
		{1B39D6B5-402D-4D44-9344-3444A06492BA}.Release|Any CPU.Build.0 = Release|Any CPU
	EndGlobalSection
	GlobalSection(SolutionProperties) = preSolution
		HideSolutionNode = FALSE
	EndGlobalSection
	GlobalSection(ExtensibilityGlobals) = postSolution
		SolutionGuid = {EED882BD-BB04-4D41-B243-1C681B2095F4}
	EndGlobalSection
EndGlobal
